
Microsoft Visual Studio Solution File, Format Version 12.00
# Visual Studio Version 17
VisualStudioVersion = 17.1.32210.238
MinimumVisualStudioVersion = 10.0.40219.1
Project("{2150E333-8FDC-42A3-9474-1A3956D46DE8}") = "src", "src", "{8D39EC86-E939-4F50-B9B7-34FE460258B4}"
EndProject
Project("{2150E333-8FDC-42A3-9474-1A3956D46DE8}") = "Api", "Api", "{3D2DABB5-8EED-4582-B4F1-26D9A55EF4BD}"
EndProject
Project("{2150E333-8FDC-42A3-9474-1A3956D46DE8}") = "Common", "Common", "{6BFEFE4F-4367-4602-BBC2-507334FC9E3E}"
EndProject
Project("{2150E333-8FDC-42A3-9474-1A3956D46DE8}") = "Clients", "Clients", "{55BB93F2-8D4A-4C14-897C-4135A79BB638}"
EndProject
Project("{2150E333-8FDC-42A3-9474-1A3956D46DE8}") = "Projections", "Projections", "{52B65003-871C-4B18-8617-D0D60CFCE60A}"
EndProject
Project("{2150E333-8FDC-42A3-9474-1A3956D46DE8}") = "Core", "Core", "{6B7CA5B5-A6FB-4A80-B4E8-63F3B8FD4555}"
EndProject
Project("{2150E333-8FDC-42A3-9474-1A3956D46DE8}") = "Infrastructure", "Infrastructure", "{777B6899-8F18-444A-AF58-08C8C4D92ED0}"
EndProject
Project("{2150E333-8FDC-42A3-9474-1A3956D46DE8}") = "WebApi", "WebApi", "{3F921366-D3DF-48D5-9847-E51CA602A61F}"
EndProject
Project("{FAE04EC0-301F-11D3-BF4B-00C04F79EFBC}") = "BlazorSozluk.Api.Domain", "src\Api\Core\BlazorSozluk.Api.Domain\BlazorSozluk.Api.Domain.csproj", "{C3590073-C0BC-446C-BEB8-08B6020ADAFD}"
EndProject
Project("{FAE04EC0-301F-11D3-BF4B-00C04F79EFBC}") = "BlazorSozluk.Common", "src\Common\BlazorSozluk.Common\BlazorSozluk.Common.csproj", "{15E51902-ABD9-4C78-9086-BB11C60F1130}"
EndProject
Project("{FAE04EC0-301F-11D3-BF4B-00C04F79EFBC}") = "BlazorSozluk.Api.Application", "src\Api\Core\BlazorSozluk.Api.Application\BlazorSozluk.Api.Application.csproj", "{5D59AB0A-E588-4454-BFE9-B1B312A46E76}"
EndProject
Project("{FAE04EC0-301F-11D3-BF4B-00C04F79EFBC}") = "BlazorSozluk.Infrastructure.Persistence", "src\Api\Infrastructure\BlazorSozluk.Infrastructure.Persistence\BlazorSozluk.Infrastructure.Persistence.csproj", "{B7BFCD6B-8693-42FF-87EE-4E1584E96D42}"
EndProject
Project("{FAE04EC0-301F-11D3-BF4B-00C04F79EFBC}") = "BlazorSozluk.Api.WebApi", "src\Api\WebApi\BlazorSozluk.Api.WebApi\BlazorSozluk.Api.WebApi.csproj", "{B4ED8E5A-490D-4939-B1E3-499C12CB0D30}"
EndProject
Project("{FAE04EC0-301F-11D3-BF4B-00C04F79EFBC}") = "BlazorSozluk.Projection.FavoriteService", "src\Projections\BlazorSozluk.Projection.FavoriteService\BlazorSozluk.Projection.FavoriteService.csproj", "{F697054B-5B63-443E-945F-9D0A60AD8354}"
EndProject
Project("{FAE04EC0-301F-11D3-BF4B-00C04F79EFBC}") = "BlazorSozluk.Projections.UserService", "src\Projections\BlazorSozluk.Projections.User\BlazorSozluk.Projections.UserService.csproj", "{645059C1-14EB-40CC-A195-83F6C603472D}"
EndProject
Project("{FAE04EC0-301F-11D3-BF4B-00C04F79EFBC}") = "BlazorSozlik.Projections.VoteService", "src\Projections\BlazorSozlik.Projections.VoteService\BlazorSozlik.Projections.VoteService.csproj", "{4C5FE33E-F1EF-4D88-966B-4D77CA6A586D}"
EndProject
Project("{FAE04EC0-301F-11D3-BF4B-00C04F79EFBC}") = "BlazorSozluk.WebApp", "src\Clients\BlazorWeb\BlazorSozluk.WebApp\BlazorSozluk.WebApp.csproj", "{B62E8556-5619-4CC9-B851-EE6464C3AAB2}"
EndProject
Global
	GlobalSection(SolutionConfigurationPlatforms) = preSolution
		Debug|Any CPU = Debug|Any CPU
		Release|Any CPU = Release|Any CPU
	EndGlobalSection
	GlobalSection(ProjectConfigurationPlatforms) = postSolution
		{C3590073-C0BC-446C-BEB8-08B6020ADAFD}.Debug|Any CPU.ActiveCfg = Debug|Any CPU
		{C3590073-C0BC-446C-BEB8-08B6020ADAFD}.Debug|Any CPU.Build.0 = Debug|Any CPU
		{C3590073-C0BC-446C-BEB8-08B6020ADAFD}.Release|Any CPU.ActiveCfg = Release|Any CPU
		{C3590073-C0BC-446C-BEB8-08B6020ADAFD}.Release|Any CPU.Build.0 = Release|Any CPU
		{15E51902-ABD9-4C78-9086-BB11C60F1130}.Debug|Any CPU.ActiveCfg = Debug|Any CPU
		{15E51902-ABD9-4C78-9086-BB11C60F1130}.Debug|Any CPU.Build.0 = Debug|Any CPU
		{15E51902-ABD9-4C78-9086-BB11C60F1130}.Release|Any CPU.ActiveCfg = Release|Any CPU
		{15E51902-ABD9-4C78-9086-BB11C60F1130}.Release|Any CPU.Build.0 = Release|Any CPU
		{5D59AB0A-E588-4454-BFE9-B1B312A46E76}.Debug|Any CPU.ActiveCfg = Debug|Any CPU
		{5D59AB0A-E588-4454-BFE9-B1B312A46E76}.Debug|Any CPU.Build.0 = Debug|Any CPU
		{5D59AB0A-E588-4454-BFE9-B1B312A46E76}.Release|Any CPU.ActiveCfg = Release|Any CPU
		{5D59AB0A-E588-4454-BFE9-B1B312A46E76}.Release|Any CPU.Build.0 = Release|Any CPU
		{B7BFCD6B-8693-42FF-87EE-4E1584E96D42}.Debug|Any CPU.ActiveCfg = Debug|Any CPU
		{B7BFCD6B-8693-42FF-87EE-4E1584E96D42}.Debug|Any CPU.Build.0 = Debug|Any CPU
		{B7BFCD6B-8693-42FF-87EE-4E1584E96D42}.Release|Any CPU.ActiveCfg = Release|Any CPU
		{B7BFCD6B-8693-42FF-87EE-4E1584E96D42}.Release|Any CPU.Build.0 = Release|Any CPU
		{B4ED8E5A-490D-4939-B1E3-499C12CB0D30}.Debug|Any CPU.ActiveCfg = Debug|Any CPU
		{B4ED8E5A-490D-4939-B1E3-499C12CB0D30}.Debug|Any CPU.Build.0 = Debug|Any CPU
		{B4ED8E5A-490D-4939-B1E3-499C12CB0D30}.Release|Any CPU.ActiveCfg = Release|Any CPU
		{B4ED8E5A-490D-4939-B1E3-499C12CB0D30}.Release|Any CPU.Build.0 = Release|Any CPU
		{F697054B-5B63-443E-945F-9D0A60AD8354}.Debug|Any CPU.ActiveCfg = Debug|Any CPU
		{F697054B-5B63-443E-945F-9D0A60AD8354}.Debug|Any CPU.Build.0 = Debug|Any CPU
		{F697054B-5B63-443E-945F-9D0A60AD8354}.Release|Any CPU.ActiveCfg = Release|Any CPU
		{F697054B-5B63-443E-945F-9D0A60AD8354}.Release|Any CPU.Build.0 = Release|Any CPU
		{645059C1-14EB-40CC-A195-83F6C603472D}.Debug|Any CPU.ActiveCfg = Debug|Any CPU
		{645059C1-14EB-40CC-A195-83F6C603472D}.Debug|Any CPU.Build.0 = Debug|Any CPU
		{645059C1-14EB-40CC-A195-83F6C603472D}.Release|Any CPU.ActiveCfg = Release|Any CPU
		{645059C1-14EB-40CC-A195-83F6C603472D}.Release|Any CPU.Build.0 = Release|Any CPU
		{4C5FE33E-F1EF-4D88-966B-4D77CA6A586D}.Debug|Any CPU.ActiveCfg = Debug|Any CPU
		{4C5FE33E-F1EF-4D88-966B-4D77CA6A586D}.Debug|Any CPU.Build.0 = Debug|Any CPU
		{4C5FE33E-F1EF-4D88-966B-4D77CA6A586D}.Release|Any CPU.ActiveCfg = Release|Any CPU
		{4C5FE33E-F1EF-4D88-966B-4D77CA6A586D}.Release|Any CPU.Build.0 = Release|Any CPU
		{B62E8556-5619-4CC9-B851-EE6464C3AAB2}.Debug|Any CPU.ActiveCfg = Debug|Any CPU
		{B62E8556-5619-4CC9-B851-EE6464C3AAB2}.Debug|Any CPU.Build.0 = Debug|Any CPU
		{B62E8556-5619-4CC9-B851-EE6464C3AAB2}.Release|Any CPU.ActiveCfg = Release|Any CPU
		{B62E8556-5619-4CC9-B851-EE6464C3AAB2}.Release|Any CPU.Build.0 = Release|Any CPU
	EndGlobalSection
	GlobalSection(SolutionProperties) = preSolution
		HideSolutionNode = FALSE
	EndGlobalSection
	GlobalSection(NestedProjects) = preSolution
		{3D2DABB5-8EED-4582-B4F1-26D9A55EF4BD} = {8D39EC86-E939-4F50-B9B7-34FE460258B4}
		{6BFEFE4F-4367-4602-BBC2-507334FC9E3E} = {8D39EC86-E939-4F50-B9B7-34FE460258B4}
		{55BB93F2-8D4A-4C14-897C-4135A79BB638} = {8D39EC86-E939-4F50-B9B7-34FE460258B4}
		{52B65003-871C-4B18-8617-D0D60CFCE60A} = {8D39EC86-E939-4F50-B9B7-34FE460258B4}
		{6B7CA5B5-A6FB-4A80-B4E8-63F3B8FD4555} = {3D2DABB5-8EED-4582-B4F1-26D9A55EF4BD}
		{777B6899-8F18-444A-AF58-08C8C4D92ED0} = {3D2DABB5-8EED-4582-B4F1-26D9A55EF4BD}
		{3F921366-D3DF-48D5-9847-E51CA602A61F} = {3D2DABB5-8EED-4582-B4F1-26D9A55EF4BD}
		{C3590073-C0BC-446C-BEB8-08B6020ADAFD} = {6B7CA5B5-A6FB-4A80-B4E8-63F3B8FD4555}
		{15E51902-ABD9-4C78-9086-BB11C60F1130} = {6BFEFE4F-4367-4602-BBC2-507334FC9E3E}
		{5D59AB0A-E588-4454-BFE9-B1B312A46E76} = {6B7CA5B5-A6FB-4A80-B4E8-63F3B8FD4555}
		{B7BFCD6B-8693-42FF-87EE-4E1584E96D42} = {777B6899-8F18-444A-AF58-08C8C4D92ED0}
		{B4ED8E5A-490D-4939-B1E3-499C12CB0D30} = {3F921366-D3DF-48D5-9847-E51CA602A61F}
		{F697054B-5B63-443E-945F-9D0A60AD8354} = {52B65003-871C-4B18-8617-D0D60CFCE60A}
		{645059C1-14EB-40CC-A195-83F6C603472D} = {52B65003-871C-4B18-8617-D0D60CFCE60A}
		{4C5FE33E-F1EF-4D88-966B-4D77CA6A586D} = {52B65003-871C-4B18-8617-D0D60CFCE60A}
		{B62E8556-5619-4CC9-B851-EE6464C3AAB2} = {55BB93F2-8D4A-4C14-897C-4135A79BB638}
	EndGlobalSection
	GlobalSection(ExtensibilityGlobals) = postSolution
		SolutionGuid = {EAFEEC1D-E057-4730-8C9A-C8C4FD9A39C9}
	EndGlobalSection
EndGlobal
